
Microsoft Visual Studio Solution File, Format Version 12.00
Project("{FAE04EC0-301F-11D3-BF4B-00C04F79EFBC}") = "Client", "Client\Client.csproj", "{1E65302B-C6B9-42F7-97C9-5C71FBB10ED7}"
EndProject
Project("{FAE04EC0-301F-11D3-BF4B-00C04F79EFBC}") = "WinFormsApp1", "WinFormsApp1\WinFormsApp1.csproj", "{407F9D22-67BC-48B3-9B90-EFB11381FE61}"
EndProject
Project("{FAE04EC0-301F-11D3-BF4B-00C04F79EFBC}") = "ClassLibrary", "ClassLibrary\ClassLibrary.csproj", "{21A7B6EF-098B-4D6F-8D61-47843D786DFF}"
EndProject
Global
	GlobalSection(SolutionConfigurationPlatforms) = preSolution
		Debug|Any CPU = Debug|Any CPU
		Release|Any CPU = Release|Any CPU
	EndGlobalSection
	GlobalSection(ProjectConfigurationPlatforms) = postSolution
		{1E65302B-C6B9-42F7-97C9-5C71FBB10ED7}.Debug|Any CPU.ActiveCfg = Debug|Any CPU
		{1E65302B-C6B9-42F7-97C9-5C71FBB10ED7}.Debug|Any CPU.Build.0 = Debug|Any CPU
		{1E65302B-C6B9-42F7-97C9-5C71FBB10ED7}.Release|Any CPU.ActiveCfg = Release|Any CPU
		{1E65302B-C6B9-42F7-97C9-5C71FBB10ED7}.Release|Any CPU.Build.0 = Release|Any CPU
		{407F9D22-67BC-48B3-9B90-EFB11381FE61}.Debug|Any CPU.ActiveCfg = Debug|Any CPU
		{407F9D22-67BC-48B3-9B90-EFB11381FE61}.Debug|Any CPU.Build.0 = Debug|Any CPU
		{407F9D22-67BC-48B3-9B90-EFB11381FE61}.Release|Any CPU.ActiveCfg = Release|Any CPU
		{407F9D22-67BC-48B3-9B90-EFB11381FE61}.Release|Any CPU.Build.0 = Release|Any CPU
		{21A7B6EF-098B-4D6F-8D61-47843D786DFF}.Debug|Any CPU.ActiveCfg = Debug|Any CPU
		{21A7B6EF-098B-4D6F-8D61-47843D786DFF}.Debug|Any CPU.Build.0 = Debug|Any CPU
		{21A7B6EF-098B-4D6F-8D61-47843D786DFF}.Release|Any CPU.ActiveCfg = Release|Any CPU
		{21A7B6EF-098B-4D6F-8D61-47843D786DFF}.Release|Any CPU.Build.0 = Release|Any CPU
	EndGlobalSection
EndGlobal
